// !$*UTF8*$!
{
	archiveVersion = 1;
	classes = {
	};
	objectVersion = 55;
	objects = {

/* Begin PBXBuildFile section */
		6A24C73628CCB1D0005B1DEB /* QuestView.swift in Sources */ = {isa = PBXBuildFile; fileRef = 6A24C73528CCB1D0005B1DEB /* QuestView.swift */; };
		6A24C73828CCB76C005B1DEB /* Colors.xcassets in Resources */ = {isa = PBXBuildFile; fileRef = 6A24C73728CCB76C005B1DEB /* Colors.xcassets */; };
		6A24C73A28CCB8C6005B1DEB /* Color.swift in Sources */ = {isa = PBXBuildFile; fileRef = 6A24C73928CCB8C6005B1DEB /* Color.swift */; };
		6A24C73C28CCC173005B1DEB /* CheckMarkView.swift in Sources */ = {isa = PBXBuildFile; fileRef = 6A24C73B28CCC173005B1DEB /* CheckMarkView.swift */; };
		6A24C73E28CCD343005B1DEB /* NewQuestView.swift in Sources */ = {isa = PBXBuildFile; fileRef = 6A24C73D28CCD343005B1DEB /* NewQuestView.swift */; };
		6A24C74028CCD778005B1DEB /* PlusButton.swift in Sources */ = {isa = PBXBuildFile; fileRef = 6A24C73F28CCD778005B1DEB /* PlusButton.swift */; };
		6A24C74228CCE470005B1DEB /* QuestListView.swift in Sources */ = {isa = PBXBuildFile; fileRef = 6A24C74128CCE470005B1DEB /* QuestListView.swift */; };
		6A65310B28CC711F00140A82 /* DailyQuestApp.swift in Sources */ = {isa = PBXBuildFile; fileRef = 6A65310A28CC711F00140A82 /* DailyQuestApp.swift */; };
		6A65310D28CC711F00140A82 /* DailyQuestView.swift in Sources */ = {isa = PBXBuildFile; fileRef = 6A65310C28CC711F00140A82 /* DailyQuestView.swift */; };
		6A65310F28CC712100140A82 /* Assets.xcassets in Resources */ = {isa = PBXBuildFile; fileRef = 6A65310E28CC712100140A82 /* Assets.xcassets */; };
		6A65311228CC712100140A82 /* Preview Assets.xcassets in Resources */ = {isa = PBXBuildFile; fileRef = 6A65311128CC712100140A82 /* Preview Assets.xcassets */; };
		6A65311C28CC712100140A82 /* DailyQuestTests.swift in Sources */ = {isa = PBXBuildFile; fileRef = 6A65311B28CC712100140A82 /* DailyQuestTests.swift */; };
		6ABC6D1D28CE076E000CE43D /* DailyQuestViewModelTests.swift in Sources */ = {isa = PBXBuildFile; fileRef = 6ABC6D1C28CE076E000CE43D /* DailyQuestViewModelTests.swift */; };
		6ABC6D2028CE1095000CE43D /* DailyQuestViewModel.swift in Sources */ = {isa = PBXBuildFile; fileRef = 6ABC6D1F28CE1095000CE43D /* DailyQuestViewModel.swift */; };
		6ABC6D2228CE11C7000CE43D /* QuestViewModel.swift in Sources */ = {isa = PBXBuildFile; fileRef = 6ABC6D2128CE11C7000CE43D /* QuestViewModel.swift */; };
		6ABC6D2B28CE3879000CE43D /* Quest.swift in Sources */ = {isa = PBXBuildFile; fileRef = 6ABC6D2928CE3879000CE43D /* Quest.swift */; };
		6ABC6D2C28CE3879000CE43D /* DailyQuest.swift in Sources */ = {isa = PBXBuildFile; fileRef = 6ABC6D2A28CE3879000CE43D /* DailyQuest.swift */; };
		6ABC6D2F28CE3924000CE43D /* DailyQuestViewModelFactory.swift in Sources */ = {isa = PBXBuildFile; fileRef = 6ABC6D2E28CE3924000CE43D /* DailyQuestViewModelFactory.swift */; };
/* End PBXBuildFile section */

/* Begin PBXContainerItemProxy section */
		6A65311828CC712100140A82 /* PBXContainerItemProxy */ = {
			isa = PBXContainerItemProxy;
			containerPortal = 6A6530FF28CC711F00140A82 /* Project object */;
			proxyType = 1;
			remoteGlobalIDString = 6A65310628CC711F00140A82;
			remoteInfo = DailyQuest;
		};
/* End PBXContainerItemProxy section */

/* Begin PBXFileReference section */
		6A24C73528CCB1D0005B1DEB /* QuestView.swift */ = {isa = PBXFileReference; lastKnownFileType = sourcecode.swift; path = QuestView.swift; sourceTree = "<group>"; };
		6A24C73728CCB76C005B1DEB /* Colors.xcassets */ = {isa = PBXFileReference; lastKnownFileType = folder.assetcatalog; path = Colors.xcassets; sourceTree = "<group>"; };
		6A24C73928CCB8C6005B1DEB /* Color.swift */ = {isa = PBXFileReference; lastKnownFileType = sourcecode.swift; path = Color.swift; sourceTree = "<group>"; };
		6A24C73B28CCC173005B1DEB /* CheckMarkView.swift */ = {isa = PBXFileReference; lastKnownFileType = sourcecode.swift; path = CheckMarkView.swift; sourceTree = "<group>"; };
		6A24C73D28CCD343005B1DEB /* NewQuestView.swift */ = {isa = PBXFileReference; lastKnownFileType = sourcecode.swift; path = NewQuestView.swift; sourceTree = "<group>"; };
		6A24C73F28CCD778005B1DEB /* PlusButton.swift */ = {isa = PBXFileReference; lastKnownFileType = sourcecode.swift; path = PlusButton.swift; sourceTree = "<group>"; };
		6A24C74128CCE470005B1DEB /* QuestListView.swift */ = {isa = PBXFileReference; lastKnownFileType = sourcecode.swift; path = QuestListView.swift; sourceTree = "<group>"; };
		6A65310728CC711F00140A82 /* DailyQuest.app */ = {isa = PBXFileReference; explicitFileType = wrapper.application; includeInIndex = 0; path = DailyQuest.app; sourceTree = BUILT_PRODUCTS_DIR; };
		6A65310A28CC711F00140A82 /* DailyQuestApp.swift */ = {isa = PBXFileReference; lastKnownFileType = sourcecode.swift; path = DailyQuestApp.swift; sourceTree = "<group>"; };
		6A65310C28CC711F00140A82 /* DailyQuestView.swift */ = {isa = PBXFileReference; lastKnownFileType = sourcecode.swift; path = DailyQuestView.swift; sourceTree = "<group>"; };
		6A65310E28CC712100140A82 /* Assets.xcassets */ = {isa = PBXFileReference; lastKnownFileType = folder.assetcatalog; path = Assets.xcassets; sourceTree = "<group>"; };
		6A65311128CC712100140A82 /* Preview Assets.xcassets */ = {isa = PBXFileReference; lastKnownFileType = folder.assetcatalog; path = "Preview Assets.xcassets"; sourceTree = "<group>"; };
		6A65311728CC712100140A82 /* DailyQuestTests.xctest */ = {isa = PBXFileReference; explicitFileType = wrapper.cfbundle; includeInIndex = 0; path = DailyQuestTests.xctest; sourceTree = BUILT_PRODUCTS_DIR; };
		6A65311B28CC712100140A82 /* DailyQuestTests.swift */ = {isa = PBXFileReference; lastKnownFileType = sourcecode.swift; path = DailyQuestTests.swift; sourceTree = "<group>"; };
		6ABC6D1C28CE076E000CE43D /* DailyQuestViewModelTests.swift */ = {isa = PBXFileReference; lastKnownFileType = sourcecode.swift; path = DailyQuestViewModelTests.swift; sourceTree = "<group>"; };
		6ABC6D1F28CE1095000CE43D /* DailyQuestViewModel.swift */ = {isa = PBXFileReference; lastKnownFileType = sourcecode.swift; path = DailyQuestViewModel.swift; sourceTree = "<group>"; };
		6ABC6D2128CE11C7000CE43D /* QuestViewModel.swift */ = {isa = PBXFileReference; lastKnownFileType = sourcecode.swift; path = QuestViewModel.swift; sourceTree = "<group>"; };
		6ABC6D2928CE3879000CE43D /* Quest.swift */ = {isa = PBXFileReference; fileEncoding = 4; lastKnownFileType = sourcecode.swift; path = Quest.swift; sourceTree = "<group>"; };
		6ABC6D2A28CE3879000CE43D /* DailyQuest.swift */ = {isa = PBXFileReference; fileEncoding = 4; lastKnownFileType = sourcecode.swift; path = DailyQuest.swift; sourceTree = "<group>"; };
		6ABC6D2E28CE3924000CE43D /* DailyQuestViewModelFactory.swift */ = {isa = PBXFileReference; lastKnownFileType = sourcecode.swift; path = DailyQuestViewModelFactory.swift; sourceTree = "<group>"; };
/* End PBXFileReference section */

/* Begin PBXFrameworksBuildPhase section */
		6A65310428CC711F00140A82 /* Frameworks */ = {
			isa = PBXFrameworksBuildPhase;
			buildActionMask = 2147483647;
			files = (
			);
			runOnlyForDeploymentPostprocessing = 0;
		};
		6A65311428CC712100140A82 /* Frameworks */ = {
			isa = PBXFrameworksBuildPhase;
			buildActionMask = 2147483647;
			files = (
			);
			runOnlyForDeploymentPostprocessing = 0;
		};
/* End PBXFrameworksBuildPhase section */

/* Begin PBXGroup section */
		6A24C73428CCB1C2005B1DEB /* Views */ = {
			isa = PBXGroup;
			children = (
				6A24C73B28CCC173005B1DEB /* CheckMarkView.swift */,
				6A65310C28CC711F00140A82 /* DailyQuestView.swift */,
				6ABC6D1F28CE1095000CE43D /* DailyQuestViewModel.swift */,
				6A24C73D28CCD343005B1DEB /* NewQuestView.swift */,
				6A24C73F28CCD778005B1DEB /* PlusButton.swift */,
				6A24C74128CCE470005B1DEB /* QuestListView.swift */,
				6A24C73528CCB1D0005B1DEB /* QuestView.swift */,
				6ABC6D2128CE11C7000CE43D /* QuestViewModel.swift */,
			);
			path = Views;
			sourceTree = "<group>";
		};
		6A6530FE28CC711F00140A82 = {
			isa = PBXGroup;
			children = (
				6A65310928CC711F00140A82 /* DailyQuest */,
				6A65311A28CC712100140A82 /* DailyQuestTests */,
				6A65310828CC711F00140A82 /* Products */,
			);
			sourceTree = "<group>";
		};
		6A65310828CC711F00140A82 /* Products */ = {
			isa = PBXGroup;
			children = (
				6A65310728CC711F00140A82 /* DailyQuest.app */,
				6A65311728CC712100140A82 /* DailyQuestTests.xctest */,
			);
			name = Products;
			sourceTree = "<group>";
		};
		6A65310928CC711F00140A82 /* DailyQuest */ = {
			isa = PBXGroup;
			children = (
				6ABC6D2D28CE38ED000CE43D /* Presentation */,
				6ABC6D2828CE3879000CE43D /* Domain */,
				6A65310A28CC711F00140A82 /* DailyQuestApp.swift */,
				6A65310E28CC712100140A82 /* Assets.xcassets */,
				6A65311028CC712100140A82 /* Preview Content */,
				6A24C73728CCB76C005B1DEB /* Colors.xcassets */,
				6A24C73928CCB8C6005B1DEB /* Color.swift */,
			);
			path = DailyQuest;
			sourceTree = "<group>";
		};
		6A65311028CC712100140A82 /* Preview Content */ = {
			isa = PBXGroup;
			children = (
				6A65311128CC712100140A82 /* Preview Assets.xcassets */,
			);
			path = "Preview Content";
			sourceTree = "<group>";
		};
		6A65311A28CC712100140A82 /* DailyQuestTests */ = {
			isa = PBXGroup;
			children = (
				6A65311B28CC712100140A82 /* DailyQuestTests.swift */,
				6ABC6D1C28CE076E000CE43D /* DailyQuestViewModelTests.swift */,
			);
			path = DailyQuestTests;
			sourceTree = "<group>";
		};
		6ABC6D2828CE3879000CE43D /* Domain */ = {
			isa = PBXGroup;
			children = (
				6ABC6D2928CE3879000CE43D /* Quest.swift */,
				6ABC6D2A28CE3879000CE43D /* DailyQuest.swift */,
			);
			path = Domain;
			sourceTree = "<group>";
		};
		6ABC6D2D28CE38ED000CE43D /* Presentation */ = {
			isa = PBXGroup;
			children = (
				6A24C73428CCB1C2005B1DEB /* Views */,
				6ABC6D3028CE3AAD000CE43D /* Factories */,
			);
			path = Presentation;
			sourceTree = "<group>";
		};
		6ABC6D3028CE3AAD000CE43D /* Factories */ = {
			isa = PBXGroup;
			children = (
				6ABC6D2E28CE3924000CE43D /* DailyQuestViewModelFactory.swift */,
			);
			path = Factories;
			sourceTree = "<group>";
		};
/* End PBXGroup section */

/* Begin PBXNativeTarget section */
		6A65310628CC711F00140A82 /* DailyQuest */ = {
			isa = PBXNativeTarget;
			buildConfigurationList = 6A65312B28CC712100140A82 /* Build configuration list for PBXNativeTarget "DailyQuest" */;
			buildPhases = (
				6A65310328CC711F00140A82 /* Sources */,
				6A65310428CC711F00140A82 /* Frameworks */,
				6A65310528CC711F00140A82 /* Resources */,
			);
			buildRules = (
			);
			dependencies = (
			);
			name = DailyQuest;
			productName = DailyQuest;
			productReference = 6A65310728CC711F00140A82 /* DailyQuest.app */;
			productType = "com.apple.product-type.application";
		};
		6A65311628CC712100140A82 /* DailyQuestTests */ = {
			isa = PBXNativeTarget;
			buildConfigurationList = 6A65312E28CC712100140A82 /* Build configuration list for PBXNativeTarget "DailyQuestTests" */;
			buildPhases = (
				6A65311328CC712100140A82 /* Sources */,
				6A65311428CC712100140A82 /* Frameworks */,
				6A65311528CC712100140A82 /* Resources */,
			);
			buildRules = (
			);
			dependencies = (
				6A65311928CC712100140A82 /* PBXTargetDependency */,
			);
			name = DailyQuestTests;
			productName = DailyQuestTests;
			productReference = 6A65311728CC712100140A82 /* DailyQuestTests.xctest */;
			productType = "com.apple.product-type.bundle.unit-test";
		};
/* End PBXNativeTarget section */

/* Begin PBXProject section */
		6A6530FF28CC711F00140A82 /* Project object */ = {
			isa = PBXProject;
			attributes = {
				BuildIndependentTargetsInParallel = 1;
				LastSwiftUpdateCheck = 1340;
				LastUpgradeCheck = 1340;
				TargetAttributes = {
					6A65310628CC711F00140A82 = {
						CreatedOnToolsVersion = 13.4.1;
					};
					6A65311628CC712100140A82 = {
						CreatedOnToolsVersion = 13.4.1;
						TestTargetID = 6A65310628CC711F00140A82;
					};
				};
			};
			buildConfigurationList = 6A65310228CC711F00140A82 /* Build configuration list for PBXProject "DailyQuest" */;
			compatibilityVersion = "Xcode 13.0";
			developmentRegion = en;
			hasScannedForEncodings = 0;
			knownRegions = (
				en,
				Base,
			);
			mainGroup = 6A6530FE28CC711F00140A82;
			productRefGroup = 6A65310828CC711F00140A82 /* Products */;
			projectDirPath = "";
			projectRoot = "";
			targets = (
				6A65310628CC711F00140A82 /* DailyQuest */,
				6A65311628CC712100140A82 /* DailyQuestTests */,
			);
		};
/* End PBXProject section */

/* Begin PBXResourcesBuildPhase section */
		6A65310528CC711F00140A82 /* Resources */ = {
			isa = PBXResourcesBuildPhase;
			buildActionMask = 2147483647;
			files = (
				6A24C73828CCB76C005B1DEB /* Colors.xcassets in Resources */,
				6A65311228CC712100140A82 /* Preview Assets.xcassets in Resources */,
				6A65310F28CC712100140A82 /* Assets.xcassets in Resources */,
			);
			runOnlyForDeploymentPostprocessing = 0;
		};
		6A65311528CC712100140A82 /* Resources */ = {
			isa = PBXResourcesBuildPhase;
			buildActionMask = 2147483647;
			files = (
			);
			runOnlyForDeploymentPostprocessing = 0;
		};
/* End PBXResourcesBuildPhase section */

/* Begin PBXSourcesBuildPhase section */
		6A65310328CC711F00140A82 /* Sources */ = {
			isa = PBXSourcesBuildPhase;
			buildActionMask = 2147483647;
			files = (
				6A24C73E28CCD343005B1DEB /* NewQuestView.swift in Sources */,
				6A24C73C28CCC173005B1DEB /* CheckMarkView.swift in Sources */,
				6A65310D28CC711F00140A82 /* DailyQuestView.swift in Sources */,
				6A24C73A28CCB8C6005B1DEB /* Color.swift in Sources */,
				6ABC6D2028CE1095000CE43D /* DailyQuestViewModel.swift in Sources */,
				6A24C74028CCD778005B1DEB /* PlusButton.swift in Sources */,
				6ABC6D2B28CE3879000CE43D /* Quest.swift in Sources */,
				6ABC6D2F28CE3924000CE43D /* DailyQuestViewModelFactory.swift in Sources */,
				6A65310B28CC711F00140A82 /* DailyQuestApp.swift in Sources */,
				6ABC6D2C28CE3879000CE43D /* DailyQuest.swift in Sources */,
				6ABC6D2228CE11C7000CE43D /* QuestViewModel.swift in Sources */,
				6A24C73628CCB1D0005B1DEB /* QuestView.swift in Sources */,
				6A24C74228CCE470005B1DEB /* QuestListView.swift in Sources */,
			);
			runOnlyForDeploymentPostprocessing = 0;
		};
		6A65311328CC712100140A82 /* Sources */ = {
			isa = PBXSourcesBuildPhase;
			buildActionMask = 2147483647;
			files = (
				6A65311C28CC712100140A82 /* DailyQuestTests.swift in Sources */,
				6ABC6D1D28CE076E000CE43D /* DailyQuestViewModelTests.swift in Sources */,
			);
			runOnlyForDeploymentPostprocessing = 0;
		};
/* End PBXSourcesBuildPhase section */

/* Begin PBXTargetDependency section */
		6A65311928CC712100140A82 /* PBXTargetDependency */ = {
			isa = PBXTargetDependency;
			target = 6A65310628CC711F00140A82 /* DailyQuest */;
			targetProxy = 6A65311828CC712100140A82 /* PBXContainerItemProxy */;
		};
/* End PBXTargetDependency section */

/* Begin XCBuildConfiguration section */
		6A65312928CC712100140A82 /* Debug */ = {
			isa = XCBuildConfiguration;
			buildSettings = {
				ALWAYS_SEARCH_USER_PATHS = NO;
				CLANG_ANALYZER_NONNULL = YES;
				CLANG_ANALYZER_NUMBER_OBJECT_CONVERSION = YES_AGGRESSIVE;
				CLANG_CXX_LANGUAGE_STANDARD = "gnu++17";
				CLANG_ENABLE_MODULES = YES;
				CLANG_ENABLE_OBJC_ARC = YES;
				CLANG_ENABLE_OBJC_WEAK = YES;
				CLANG_WARN_BLOCK_CAPTURE_AUTORELEASING = YES;
				CLANG_WARN_BOOL_CONVERSION = YES;
				CLANG_WARN_COMMA = YES;
				CLANG_WARN_CONSTANT_CONVERSION = YES;
				CLANG_WARN_DEPRECATED_OBJC_IMPLEMENTATIONS = YES;
				CLANG_WARN_DIRECT_OBJC_ISA_USAGE = YES_ERROR;
				CLANG_WARN_DOCUMENTATION_COMMENTS = YES;
				CLANG_WARN_EMPTY_BODY = YES;
				CLANG_WARN_ENUM_CONVERSION = YES;
				CLANG_WARN_INFINITE_RECURSION = YES;
				CLANG_WARN_INT_CONVERSION = YES;
				CLANG_WARN_NON_LITERAL_NULL_CONVERSION = YES;
				CLANG_WARN_OBJC_IMPLICIT_RETAIN_SELF = YES;
				CLANG_WARN_OBJC_LITERAL_CONVERSION = YES;
				CLANG_WARN_OBJC_ROOT_CLASS = YES_ERROR;
				CLANG_WARN_QUOTED_INCLUDE_IN_FRAMEWORK_HEADER = YES;
				CLANG_WARN_RANGE_LOOP_ANALYSIS = YES;
				CLANG_WARN_STRICT_PROTOTYPES = YES;
				CLANG_WARN_SUSPICIOUS_MOVE = YES;
				CLANG_WARN_UNGUARDED_AVAILABILITY = YES_AGGRESSIVE;
				CLANG_WARN_UNREACHABLE_CODE = YES;
				CLANG_WARN__DUPLICATE_METHOD_MATCH = YES;
				COPY_PHASE_STRIP = NO;
				DEBUG_INFORMATION_FORMAT = dwarf;
				ENABLE_STRICT_OBJC_MSGSEND = YES;
				ENABLE_TESTABILITY = YES;
				GCC_C_LANGUAGE_STANDARD = gnu11;
				GCC_DYNAMIC_NO_PIC = NO;
				GCC_NO_COMMON_BLOCKS = YES;
				GCC_OPTIMIZATION_LEVEL = 0;
				GCC_PREPROCESSOR_DEFINITIONS = (
					"DEBUG=1",
					"$(inherited)",
				);
				GCC_WARN_64_TO_32_BIT_CONVERSION = YES;
				GCC_WARN_ABOUT_RETURN_TYPE = YES_ERROR;
				GCC_WARN_UNDECLARED_SELECTOR = YES;
				GCC_WARN_UNINITIALIZED_AUTOS = YES_AGGRESSIVE;
				GCC_WARN_UNUSED_FUNCTION = YES;
				GCC_WARN_UNUSED_VARIABLE = YES;
				IPHONEOS_DEPLOYMENT_TARGET = 15.5;
				MTL_ENABLE_DEBUG_INFO = INCLUDE_SOURCE;
				MTL_FAST_MATH = YES;
				ONLY_ACTIVE_ARCH = YES;
				SDKROOT = iphoneos;
				SWIFT_ACTIVE_COMPILATION_CONDITIONS = DEBUG;
				SWIFT_OPTIMIZATION_LEVEL = "-Onone";
			};
			name = Debug;
		};
		6A65312A28CC712100140A82 /* Release */ = {
			isa = XCBuildConfiguration;
			buildSettings = {
				ALWAYS_SEARCH_USER_PATHS = NO;
				CLANG_ANALYZER_NONNULL = YES;
				CLANG_ANALYZER_NUMBER_OBJECT_CONVERSION = YES_AGGRESSIVE;
				CLANG_CXX_LANGUAGE_STANDARD = "gnu++17";
				CLANG_ENABLE_MODULES = YES;
				CLANG_ENABLE_OBJC_ARC = YES;
				CLANG_ENABLE_OBJC_WEAK = YES;
				CLANG_WARN_BLOCK_CAPTURE_AUTORELEASING = YES;
				CLANG_WARN_BOOL_CONVERSION = YES;
				CLANG_WARN_COMMA = YES;
				CLANG_WARN_CONSTANT_CONVERSION = YES;
				CLANG_WARN_DEPRECATED_OBJC_IMPLEMENTATIONS = YES;
				CLANG_WARN_DIRECT_OBJC_ISA_USAGE = YES_ERROR;
				CLANG_WARN_DOCUMENTATION_COMMENTS = YES;
				CLANG_WARN_EMPTY_BODY = YES;
				CLANG_WARN_ENUM_CONVERSION = YES;
				CLANG_WARN_INFINITE_RECURSION = YES;
				CLANG_WARN_INT_CONVERSION = YES;
				CLANG_WARN_NON_LITERAL_NULL_CONVERSION = YES;
				CLANG_WARN_OBJC_IMPLICIT_RETAIN_SELF = YES;
				CLANG_WARN_OBJC_LITERAL_CONVERSION = YES;
				CLANG_WARN_OBJC_ROOT_CLASS = YES_ERROR;
				CLANG_WARN_QUOTED_INCLUDE_IN_FRAMEWORK_HEADER = YES;
				CLANG_WARN_RANGE_LOOP_ANALYSIS = YES;
				CLANG_WARN_STRICT_PROTOTYPES = YES;
				CLANG_WARN_SUSPICIOUS_MOVE = YES;
				CLANG_WARN_UNGUARDED_AVAILABILITY = YES_AGGRESSIVE;
				CLANG_WARN_UNREACHABLE_CODE = YES;
				CLANG_WARN__DUPLICATE_METHOD_MATCH = YES;
				COPY_PHASE_STRIP = NO;
				DEBUG_INFORMATION_FORMAT = "dwarf-with-dsym";
				ENABLE_NS_ASSERTIONS = NO;
				ENABLE_STRICT_OBJC_MSGSEND = YES;
				GCC_C_LANGUAGE_STANDARD = gnu11;
				GCC_NO_COMMON_BLOCKS = YES;
				GCC_WARN_64_TO_32_BIT_CONVERSION = YES;
				GCC_WARN_ABOUT_RETURN_TYPE = YES_ERROR;
				GCC_WARN_UNDECLARED_SELECTOR = YES;
				GCC_WARN_UNINITIALIZED_AUTOS = YES_AGGRESSIVE;
				GCC_WARN_UNUSED_FUNCTION = YES;
				GCC_WARN_UNUSED_VARIABLE = YES;
				IPHONEOS_DEPLOYMENT_TARGET = 15.5;
				MTL_ENABLE_DEBUG_INFO = NO;
				MTL_FAST_MATH = YES;
				SDKROOT = iphoneos;
				SWIFT_COMPILATION_MODE = wholemodule;
				SWIFT_OPTIMIZATION_LEVEL = "-O";
				VALIDATE_PRODUCT = YES;
			};
			name = Release;
		};
		6A65312C28CC712100140A82 /* Debug */ = {
			isa = XCBuildConfiguration;
			buildSettings = {
				ASSETCATALOG_COMPILER_APPICON_NAME = AppIcon;
				ASSETCATALOG_COMPILER_GLOBAL_ACCENT_COLOR_NAME = AccentColor;
				CODE_SIGN_STYLE = Automatic;
				CURRENT_PROJECT_VERSION = 1;
				DEVELOPMENT_ASSET_PATHS = "\"DailyQuest/Preview Content\"";
				DEVELOPMENT_TEAM = T56286VRDP;
				ENABLE_PREVIEWS = YES;
				GENERATE_INFOPLIST_FILE = YES;
				INFOPLIST_KEY_UIApplicationSceneManifest_Generation = YES;
				INFOPLIST_KEY_UIApplicationSupportsIndirectInputEvents = YES;
				INFOPLIST_KEY_UILaunchScreen_Generation = YES;
				INFOPLIST_KEY_UISupportedInterfaceOrientations_iPad = "UIInterfaceOrientationPortrait UIInterfaceOrientationPortraitUpsideDown UIInterfaceOrientationLandscapeLeft UIInterfaceOrientationLandscapeRight";
				INFOPLIST_KEY_UISupportedInterfaceOrientations_iPhone = "UIInterfaceOrientationPortrait UIInterfaceOrientationLandscapeLeft UIInterfaceOrientationLandscapeRight";
				LD_RUNPATH_SEARCH_PATHS = (
					"$(inherited)",
					"@executable_path/Frameworks",
				);
				MARKETING_VERSION = 1.0;
				PRODUCT_BUNDLE_IDENTIFIER = com.kndev.DailyQuest;
				PRODUCT_NAME = "$(TARGET_NAME)";
				SWIFT_EMIT_LOC_STRINGS = YES;
				SWIFT_VERSION = 5.0;
				TARGETED_DEVICE_FAMILY = "1,2";
			};
			name = Debug;
		};
		6A65312D28CC712100140A82 /* Release */ = {
			isa = XCBuildConfiguration;
			buildSettings = {
				ASSETCATALOG_COMPILER_APPICON_NAME = AppIcon;
				ASSETCATALOG_COMPILER_GLOBAL_ACCENT_COLOR_NAME = AccentColor;
				CODE_SIGN_STYLE = Automatic;
				CURRENT_PROJECT_VERSION = 1;
				DEVELOPMENT_ASSET_PATHS = "\"DailyQuest/Preview Content\"";
				DEVELOPMENT_TEAM = T56286VRDP;
				ENABLE_PREVIEWS = YES;
				GENERATE_INFOPLIST_FILE = YES;
				INFOPLIST_KEY_UIApplicationSceneManifest_Generation = YES;
				INFOPLIST_KEY_UIApplicationSupportsIndirectInputEvents = YES;
				INFOPLIST_KEY_UILaunchScreen_Generation = YES;
				INFOPLIST_KEY_UISupportedInterfaceOrientations_iPad = "UIInterfaceOrientationPortrait UIInterfaceOrientationPortraitUpsideDown UIInterfaceOrientationLandscapeLeft UIInterfaceOrientationLandscapeRight";
				INFOPLIST_KEY_UISupportedInterfaceOrientations_iPhone = "UIInterfaceOrientationPortrait UIInterfaceOrientationLandscapeLeft UIInterfaceOrientationLandscapeRight";
				LD_RUNPATH_SEARCH_PATHS = (
					"$(inherited)",
					"@executable_path/Frameworks",
				);
				MARKETING_VERSION = 1.0;
				PRODUCT_BUNDLE_IDENTIFIER = com.kndev.DailyQuest;
				PRODUCT_NAME = "$(TARGET_NAME)";
				SWIFT_EMIT_LOC_STRINGS = YES;
				SWIFT_VERSION = 5.0;
				TARGETED_DEVICE_FAMILY = "1,2";
			};
			name = Release;
		};
		6A65312F28CC712100140A82 /* Debug */ = {
			isa = XCBuildConfiguration;
			buildSettings = {
				ALWAYS_EMBED_SWIFT_STANDARD_LIBRARIES = YES;
				BUNDLE_LOADER = "$(TEST_HOST)";
				CODE_SIGN_STYLE = Automatic;
				CURRENT_PROJECT_VERSION = 1;
				DEVELOPMENT_TEAM = T56286VRDP;
				GENERATE_INFOPLIST_FILE = YES;
				IPHONEOS_DEPLOYMENT_TARGET = 15.5;
				MARKETING_VERSION = 1.0;
				PRODUCT_BUNDLE_IDENTIFIER = com.kndev.DailyQuestTests;
				PRODUCT_NAME = "$(TARGET_NAME)";
				SWIFT_EMIT_LOC_STRINGS = NO;
				SWIFT_VERSION = 5.0;
				TARGETED_DEVICE_FAMILY = "1,2";
				TEST_HOST = "$(BUILT_PRODUCTS_DIR)/DailyQuest.app/DailyQuest";
			};
			name = Debug;
		};
		6A65313028CC712100140A82 /* Release */ = {
			isa = XCBuildConfiguration;
			buildSettings = {
				ALWAYS_EMBED_SWIFT_STANDARD_LIBRARIES = YES;
				BUNDLE_LOADER = "$(TEST_HOST)";
				CODE_SIGN_STYLE = Automatic;
				CURRENT_PROJECT_VERSION = 1;
				DEVELOPMENT_TEAM = T56286VRDP;
				GENERATE_INFOPLIST_FILE = YES;
				IPHONEOS_DEPLOYMENT_TARGET = 15.5;
				MARKETING_VERSION = 1.0;
				PRODUCT_BUNDLE_IDENTIFIER = com.kndev.DailyQuestTests;
				PRODUCT_NAME = "$(TARGET_NAME)";
				SWIFT_EMIT_LOC_STRINGS = NO;
				SWIFT_VERSION = 5.0;
				TARGETED_DEVICE_FAMILY = "1,2";
				TEST_HOST = "$(BUILT_PRODUCTS_DIR)/DailyQuest.app/DailyQuest";
			};
			name = Release;
		};
/* End XCBuildConfiguration section */

/* Begin XCConfigurationList section */
		6A65310228CC711F00140A82 /* Build configuration list for PBXProject "DailyQuest" */ = {
			isa = XCConfigurationList;
			buildConfigurations = (
				6A65312928CC712100140A82 /* Debug */,
				6A65312A28CC712100140A82 /* Release */,
			);
			defaultConfigurationIsVisible = 0;
			defaultConfigurationName = Release;
		};
		6A65312B28CC712100140A82 /* Build configuration list for PBXNativeTarget "DailyQuest" */ = {
			isa = XCConfigurationList;
			buildConfigurations = (
				6A65312C28CC712100140A82 /* Debug */,
				6A65312D28CC712100140A82 /* Release */,
			);
			defaultConfigurationIsVisible = 0;
			defaultConfigurationName = Release;
		};
		6A65312E28CC712100140A82 /* Build configuration list for PBXNativeTarget "DailyQuestTests" */ = {
			isa = XCConfigurationList;
			buildConfigurations = (
				6A65312F28CC712100140A82 /* Debug */,
				6A65313028CC712100140A82 /* Release */,
			);
			defaultConfigurationIsVisible = 0;
			defaultConfigurationName = Release;
		};
/* End XCConfigurationList section */
	};
	rootObject = 6A6530FF28CC711F00140A82 /* Project object */;
}
