// !$*UTF8*$!
{
	archiveVersion = 1;
	classes = {
	};
	objectVersion = 56;
	objects = {

/* Begin PBXBuildFile section */
		6A0E9E2F2BEDE489001CB2AA /* LocalQuestServiceTests.swift in Sources */ = {isa = PBXBuildFile; fileRef = 6A0E9E2E2BEDE489001CB2AA /* LocalQuestServiceTests.swift */; };
		6A0E9E312BEE10E1001CB2AA /* LocalQuestService.swift in Sources */ = {isa = PBXBuildFile; fileRef = 6A0E9E302BEE10E1001CB2AA /* LocalQuestService.swift */; };
		6A0E9E332BEE10ED001CB2AA /* QuestRepository.swift in Sources */ = {isa = PBXBuildFile; fileRef = 6A0E9E322BEE10ED001CB2AA /* QuestRepository.swift */; };
		6A2B498E2B80B2620050603C /* QuestView.swift in Sources */ = {isa = PBXBuildFile; fileRef = 6A2B498D2B80B2620050603C /* QuestView.swift */; };
		6A2B49902B80B2950050603C /* TaskView.swift in Sources */ = {isa = PBXBuildFile; fileRef = 6A2B498F2B80B2950050603C /* TaskView.swift */; };
		6A2B49922B80B2B60050603C /* DailyTask.swift in Sources */ = {isa = PBXBuildFile; fileRef = 6A2B49912B80B2B60050603C /* DailyTask.swift */; };
		6A356B622BED002800EEE7E6 /* QuestService.swift in Sources */ = {isa = PBXBuildFile; fileRef = 6A356B612BED002800EEE7E6 /* QuestService.swift */; };
		6A7802592B8097E400DAA470 /* DailyQuestApp.swift in Sources */ = {isa = PBXBuildFile; fileRef = 6A7802582B8097E400DAA470 /* DailyQuestApp.swift */; };
		6A78025D2B8097E600DAA470 /* Assets.xcassets in Resources */ = {isa = PBXBuildFile; fileRef = 6A78025C2B8097E600DAA470 /* Assets.xcassets */; };
		6A7802602B8097E600DAA470 /* Preview Assets.xcassets in Resources */ = {isa = PBXBuildFile; fileRef = 6A78025F2B8097E600DAA470 /* Preview Assets.xcassets */; };
		6A7B584F2BDE40E500721D2E /* QuestViewModel.swift in Sources */ = {isa = PBXBuildFile; fileRef = 6A7B584E2BDE40E500721D2E /* QuestViewModel.swift */; };
		6A7B58512BDE415800721D2E /* QuestViewModelTests.swift in Sources */ = {isa = PBXBuildFile; fileRef = 6A7B58502BDE415800721D2E /* QuestViewModelTests.swift */; };
		6A7B58532BDE465600721D2E /* PreviewQuestService.swift in Sources */ = {isa = PBXBuildFile; fileRef = 6A7B58522BDE465600721D2E /* PreviewQuestService.swift */; };
		6AF2E46A2BEB408A00430FC1 /* XCTestCase+TrackForMemoryLeaks.swift in Sources */ = {isa = PBXBuildFile; fileRef = 6AF2E4692BEB408A00430FC1 /* XCTestCase+TrackForMemoryLeaks.swift */; };
		6AF2E46C2BEB40AB00430FC1 /* Helpers.swift in Sources */ = {isa = PBXBuildFile; fileRef = 6AF2E46B2BEB40AB00430FC1 /* Helpers.swift */; };
/* End PBXBuildFile section */

/* Begin PBXContainerItemProxy section */
		6A7802662B8097E700DAA470 /* PBXContainerItemProxy */ = {
			isa = PBXContainerItemProxy;
			containerPortal = 6A78024D2B8097E400DAA470 /* Project object */;
			proxyType = 1;
			remoteGlobalIDString = 6A7802542B8097E400DAA470;
			remoteInfo = DailyQuest;
		};
/* End PBXContainerItemProxy section */

/* Begin PBXFileReference section */
		6A0E9E2E2BEDE489001CB2AA /* LocalQuestServiceTests.swift */ = {isa = PBXFileReference; lastKnownFileType = sourcecode.swift; path = LocalQuestServiceTests.swift; sourceTree = "<group>"; };
		6A0E9E302BEE10E1001CB2AA /* LocalQuestService.swift */ = {isa = PBXFileReference; lastKnownFileType = sourcecode.swift; path = LocalQuestService.swift; sourceTree = "<group>"; };
		6A0E9E322BEE10ED001CB2AA /* QuestRepository.swift */ = {isa = PBXFileReference; lastKnownFileType = sourcecode.swift; path = QuestRepository.swift; sourceTree = "<group>"; };
		6A2B498C2B809A000050603C /* DailyQuest.xctestplan */ = {isa = PBXFileReference; lastKnownFileType = text; path = DailyQuest.xctestplan; sourceTree = "<group>"; };
		6A2B498D2B80B2620050603C /* QuestView.swift */ = {isa = PBXFileReference; lastKnownFileType = sourcecode.swift; path = QuestView.swift; sourceTree = "<group>"; };
		6A2B498F2B80B2950050603C /* TaskView.swift */ = {isa = PBXFileReference; lastKnownFileType = sourcecode.swift; path = TaskView.swift; sourceTree = "<group>"; };
		6A2B49912B80B2B60050603C /* DailyTask.swift */ = {isa = PBXFileReference; lastKnownFileType = sourcecode.swift; path = DailyTask.swift; sourceTree = "<group>"; };
		6A356B612BED002800EEE7E6 /* QuestService.swift */ = {isa = PBXFileReference; lastKnownFileType = sourcecode.swift; path = QuestService.swift; sourceTree = "<group>"; };
		6A7802552B8097E400DAA470 /* DailyQuest.app */ = {isa = PBXFileReference; explicitFileType = wrapper.application; includeInIndex = 0; path = DailyQuest.app; sourceTree = BUILT_PRODUCTS_DIR; };
		6A7802582B8097E400DAA470 /* DailyQuestApp.swift */ = {isa = PBXFileReference; lastKnownFileType = sourcecode.swift; path = DailyQuestApp.swift; sourceTree = "<group>"; };
		6A78025C2B8097E600DAA470 /* Assets.xcassets */ = {isa = PBXFileReference; lastKnownFileType = folder.assetcatalog; path = Assets.xcassets; sourceTree = "<group>"; };
		6A78025F2B8097E600DAA470 /* Preview Assets.xcassets */ = {isa = PBXFileReference; lastKnownFileType = folder.assetcatalog; path = "Preview Assets.xcassets"; sourceTree = "<group>"; };
		6A7802652B8097E700DAA470 /* DailyQuestTests.xctest */ = {isa = PBXFileReference; explicitFileType = wrapper.cfbundle; includeInIndex = 0; path = DailyQuestTests.xctest; sourceTree = BUILT_PRODUCTS_DIR; };
		6A7B584E2BDE40E500721D2E /* QuestViewModel.swift */ = {isa = PBXFileReference; lastKnownFileType = sourcecode.swift; path = QuestViewModel.swift; sourceTree = "<group>"; };
		6A7B58502BDE415800721D2E /* QuestViewModelTests.swift */ = {isa = PBXFileReference; lastKnownFileType = sourcecode.swift; path = QuestViewModelTests.swift; sourceTree = "<group>"; };
		6A7B58522BDE465600721D2E /* PreviewQuestService.swift */ = {isa = PBXFileReference; lastKnownFileType = sourcecode.swift; path = PreviewQuestService.swift; sourceTree = "<group>"; };
		6AF2E4692BEB408A00430FC1 /* XCTestCase+TrackForMemoryLeaks.swift */ = {isa = PBXFileReference; lastKnownFileType = sourcecode.swift; path = "XCTestCase+TrackForMemoryLeaks.swift"; sourceTree = "<group>"; };
		6AF2E46B2BEB40AB00430FC1 /* Helpers.swift */ = {isa = PBXFileReference; lastKnownFileType = sourcecode.swift; path = Helpers.swift; sourceTree = "<group>"; };
/* End PBXFileReference section */

/* Begin PBXFrameworksBuildPhase section */
		6A7802522B8097E400DAA470 /* Frameworks */ = {
			isa = PBXFrameworksBuildPhase;
			buildActionMask = 2147483647;
			files = (
			);
			runOnlyForDeploymentPostprocessing = 0;
		};
		6A7802622B8097E700DAA470 /* Frameworks */ = {
			isa = PBXFrameworksBuildPhase;
			buildActionMask = 2147483647;
			files = (
			);
			runOnlyForDeploymentPostprocessing = 0;
		};
/* End PBXFrameworksBuildPhase section */

/* Begin PBXGroup section */
		6A356B602BED001500EEE7E6 /* Services */ = {
			isa = PBXGroup;
			children = (
				6A356B612BED002800EEE7E6 /* QuestService.swift */,
				6A0E9E302BEE10E1001CB2AA /* LocalQuestService.swift */,
				6A0E9E322BEE10ED001CB2AA /* QuestRepository.swift */,
			);
			path = Services;
			sourceTree = "<group>";
		};
		6A78024C2B8097E400DAA470 = {
			isa = PBXGroup;
			children = (
				6A2B498C2B809A000050603C /* DailyQuest.xctestplan */,
				6A7802572B8097E400DAA470 /* DailyQuest */,
				6A7802682B8097E700DAA470 /* DailyQuestTests */,
				6A7802562B8097E400DAA470 /* Products */,
			);
			sourceTree = "<group>";
		};
		6A7802562B8097E400DAA470 /* Products */ = {
			isa = PBXGroup;
			children = (
				6A7802552B8097E400DAA470 /* DailyQuest.app */,
				6A7802652B8097E700DAA470 /* DailyQuestTests.xctest */,
			);
			name = Products;
			sourceTree = "<group>";
		};
		6A7802572B8097E400DAA470 /* DailyQuest */ = {
			isa = PBXGroup;
			children = (
				6A356B602BED001500EEE7E6 /* Services */,
				6A7B584D2BDE3D2F00721D2E /* Models */,
				6A7B584C2BDE3D1D00721D2E /* Presentations */,
				6A7802582B8097E400DAA470 /* DailyQuestApp.swift */,
				6A78025C2B8097E600DAA470 /* Assets.xcassets */,
				6A78025E2B8097E600DAA470 /* Preview Content */,
			);
			path = DailyQuest;
			sourceTree = "<group>";
		};
		6A78025E2B8097E600DAA470 /* Preview Content */ = {
			isa = PBXGroup;
			children = (
				6A78025F2B8097E600DAA470 /* Preview Assets.xcassets */,
				6A7B58522BDE465600721D2E /* PreviewQuestService.swift */,
			);
			path = "Preview Content";
			sourceTree = "<group>";
		};
		6A7802682B8097E700DAA470 /* DailyQuestTests */ = {
			isa = PBXGroup;
			children = (
				6AF2E4682BEB407700430FC1 /* Helpers */,
				6A7B58502BDE415800721D2E /* QuestViewModelTests.swift */,
				6A0E9E2E2BEDE489001CB2AA /* LocalQuestServiceTests.swift */,
			);
			path = DailyQuestTests;
			sourceTree = "<group>";
		};
		6A7B584C2BDE3D1D00721D2E /* Presentations */ = {
			isa = PBXGroup;
			children = (
				6A2B498D2B80B2620050603C /* QuestView.swift */,
				6A2B498F2B80B2950050603C /* TaskView.swift */,
				6A7B584E2BDE40E500721D2E /* QuestViewModel.swift */,
			);
			path = Presentations;
			sourceTree = "<group>";
		};
		6A7B584D2BDE3D2F00721D2E /* Models */ = {
			isa = PBXGroup;
			children = (
				6A2B49912B80B2B60050603C /* DailyTask.swift */,
			);
			path = Models;
			sourceTree = "<group>";
		};
		6AF2E4682BEB407700430FC1 /* Helpers */ = {
			isa = PBXGroup;
			children = (
				6AF2E4692BEB408A00430FC1 /* XCTestCase+TrackForMemoryLeaks.swift */,
				6AF2E46B2BEB40AB00430FC1 /* Helpers.swift */,
			);
			path = Helpers;
			sourceTree = "<group>";
		};
/* End PBXGroup section */

/* Begin PBXNativeTarget section */
		6A7802542B8097E400DAA470 /* DailyQuest */ = {
			isa = PBXNativeTarget;
			buildConfigurationList = 6A7802792B8097E700DAA470 /* Build configuration list for PBXNativeTarget "DailyQuest" */;
			buildPhases = (
				6A7802512B8097E400DAA470 /* Sources */,
				6A7802522B8097E400DAA470 /* Frameworks */,
				6A7802532B8097E400DAA470 /* Resources */,
			);
			buildRules = (
			);
			dependencies = (
			);
			name = DailyQuest;
			productName = DailyQuest;
			productReference = 6A7802552B8097E400DAA470 /* DailyQuest.app */;
			productType = "com.apple.product-type.application";
		};
		6A7802642B8097E700DAA470 /* DailyQuestTests */ = {
			isa = PBXNativeTarget;
			buildConfigurationList = 6A78027C2B8097E700DAA470 /* Build configuration list for PBXNativeTarget "DailyQuestTests" */;
			buildPhases = (
				6A7802612B8097E700DAA470 /* Sources */,
				6A7802622B8097E700DAA470 /* Frameworks */,
				6A7802632B8097E700DAA470 /* Resources */,
			);
			buildRules = (
			);
			dependencies = (
				6A7802672B8097E700DAA470 /* PBXTargetDependency */,
			);
			name = DailyQuestTests;
			productName = DailyQuestTests;
			productReference = 6A7802652B8097E700DAA470 /* DailyQuestTests.xctest */;
			productType = "com.apple.product-type.bundle.unit-test";
		};
/* End PBXNativeTarget section */

/* Begin PBXProject section */
		6A78024D2B8097E400DAA470 /* Project object */ = {
			isa = PBXProject;
			attributes = {
				BuildIndependentTargetsInParallel = 1;
				LastSwiftUpdateCheck = 1500;
				LastUpgradeCheck = 1500;
				TargetAttributes = {
					6A7802542B8097E400DAA470 = {
						CreatedOnToolsVersion = 15.0;
					};
					6A7802642B8097E700DAA470 = {
						CreatedOnToolsVersion = 15.0;
						TestTargetID = 6A7802542B8097E400DAA470;
					};
				};
			};
			buildConfigurationList = 6A7802502B8097E400DAA470 /* Build configuration list for PBXProject "DailyQuest" */;
			compatibilityVersion = "Xcode 14.0";
			developmentRegion = en;
			hasScannedForEncodings = 0;
			knownRegions = (
				en,
				Base,
			);
			mainGroup = 6A78024C2B8097E400DAA470;
			productRefGroup = 6A7802562B8097E400DAA470 /* Products */;
			projectDirPath = "";
			projectRoot = "";
			targets = (
				6A7802542B8097E400DAA470 /* DailyQuest */,
				6A7802642B8097E700DAA470 /* DailyQuestTests */,
			);
		};
/* End PBXProject section */

/* Begin PBXResourcesBuildPhase section */
		6A7802532B8097E400DAA470 /* Resources */ = {
			isa = PBXResourcesBuildPhase;
			buildActionMask = 2147483647;
			files = (
				6A7802602B8097E600DAA470 /* Preview Assets.xcassets in Resources */,
				6A78025D2B8097E600DAA470 /* Assets.xcassets in Resources */,
			);
			runOnlyForDeploymentPostprocessing = 0;
		};
		6A7802632B8097E700DAA470 /* Resources */ = {
			isa = PBXResourcesBuildPhase;
			buildActionMask = 2147483647;
			files = (
			);
			runOnlyForDeploymentPostprocessing = 0;
		};
/* End PBXResourcesBuildPhase section */

/* Begin PBXSourcesBuildPhase section */
		6A7802512B8097E400DAA470 /* Sources */ = {
			isa = PBXSourcesBuildPhase;
			buildActionMask = 2147483647;
			files = (
				6A0E9E312BEE10E1001CB2AA /* LocalQuestService.swift in Sources */,
				6A356B622BED002800EEE7E6 /* QuestService.swift in Sources */,
				6A7802592B8097E400DAA470 /* DailyQuestApp.swift in Sources */,
				6A7B58532BDE465600721D2E /* PreviewQuestService.swift in Sources */,
				6A2B49922B80B2B60050603C /* DailyTask.swift in Sources */,
				6A7B584F2BDE40E500721D2E /* QuestViewModel.swift in Sources */,
				6A2B498E2B80B2620050603C /* QuestView.swift in Sources */,
				6A0E9E332BEE10ED001CB2AA /* QuestRepository.swift in Sources */,
				6A2B49902B80B2950050603C /* TaskView.swift in Sources */,
			);
			runOnlyForDeploymentPostprocessing = 0;
		};
		6A7802612B8097E700DAA470 /* Sources */ = {
			isa = PBXSourcesBuildPhase;
			buildActionMask = 2147483647;
			files = (
				6A0E9E2F2BEDE489001CB2AA /* LocalQuestServiceTests.swift in Sources */,
				6AF2E46A2BEB408A00430FC1 /* XCTestCase+TrackForMemoryLeaks.swift in Sources */,
				6AF2E46C2BEB40AB00430FC1 /* Helpers.swift in Sources */,
				6A7B58512BDE415800721D2E /* QuestViewModelTests.swift in Sources */,
			);
			runOnlyForDeploymentPostprocessing = 0;
		};
/* End PBXSourcesBuildPhase section */

/* Begin PBXTargetDependency section */
		6A7802672B8097E700DAA470 /* PBXTargetDependency */ = {
			isa = PBXTargetDependency;
			target = 6A7802542B8097E400DAA470 /* DailyQuest */;
			targetProxy = 6A7802662B8097E700DAA470 /* PBXContainerItemProxy */;
		};
/* End PBXTargetDependency section */

/* Begin XCBuildConfiguration section */
		6A7802772B8097E700DAA470 /* Debug */ = {
			isa = XCBuildConfiguration;
			buildSettings = {
				ALWAYS_SEARCH_USER_PATHS = NO;
				ASSETCATALOG_COMPILER_GENERATE_SWIFT_ASSET_SYMBOL_EXTENSIONS = YES;
				CLANG_ANALYZER_NONNULL = YES;
				CLANG_ANALYZER_NUMBER_OBJECT_CONVERSION = YES_AGGRESSIVE;
				CLANG_CXX_LANGUAGE_STANDARD = "gnu++20";
				CLANG_ENABLE_MODULES = YES;
				CLANG_ENABLE_OBJC_ARC = YES;
				CLANG_ENABLE_OBJC_WEAK = YES;
				CLANG_WARN_BLOCK_CAPTURE_AUTORELEASING = YES;
				CLANG_WARN_BOOL_CONVERSION = YES;
				CLANG_WARN_COMMA = YES;
				CLANG_WARN_CONSTANT_CONVERSION = YES;
				CLANG_WARN_DEPRECATED_OBJC_IMPLEMENTATIONS = YES;
				CLANG_WARN_DIRECT_OBJC_ISA_USAGE = YES_ERROR;
				CLANG_WARN_DOCUMENTATION_COMMENTS = YES;
				CLANG_WARN_EMPTY_BODY = YES;
				CLANG_WARN_ENUM_CONVERSION = YES;
				CLANG_WARN_INFINITE_RECURSION = YES;
				CLANG_WARN_INT_CONVERSION = YES;
				CLANG_WARN_NON_LITERAL_NULL_CONVERSION = YES;
				CLANG_WARN_OBJC_IMPLICIT_RETAIN_SELF = YES;
				CLANG_WARN_OBJC_LITERAL_CONVERSION = YES;
				CLANG_WARN_OBJC_ROOT_CLASS = YES_ERROR;
				CLANG_WARN_QUOTED_INCLUDE_IN_FRAMEWORK_HEADER = YES;
				CLANG_WARN_RANGE_LOOP_ANALYSIS = YES;
				CLANG_WARN_STRICT_PROTOTYPES = YES;
				CLANG_WARN_SUSPICIOUS_MOVE = YES;
				CLANG_WARN_UNGUARDED_AVAILABILITY = YES_AGGRESSIVE;
				CLANG_WARN_UNREACHABLE_CODE = YES;
				CLANG_WARN__DUPLICATE_METHOD_MATCH = YES;
				COPY_PHASE_STRIP = NO;
				DEBUG_INFORMATION_FORMAT = dwarf;
				ENABLE_STRICT_OBJC_MSGSEND = YES;
				ENABLE_TESTABILITY = YES;
				ENABLE_USER_SCRIPT_SANDBOXING = YES;
				GCC_C_LANGUAGE_STANDARD = gnu17;
				GCC_DYNAMIC_NO_PIC = NO;
				GCC_NO_COMMON_BLOCKS = YES;
				GCC_OPTIMIZATION_LEVEL = 0;
				GCC_PREPROCESSOR_DEFINITIONS = (
					"DEBUG=1",
					"$(inherited)",
				);
				GCC_WARN_64_TO_32_BIT_CONVERSION = YES;
				GCC_WARN_ABOUT_RETURN_TYPE = YES_ERROR;
				GCC_WARN_UNDECLARED_SELECTOR = YES;
				GCC_WARN_UNINITIALIZED_AUTOS = YES_AGGRESSIVE;
				GCC_WARN_UNUSED_FUNCTION = YES;
				GCC_WARN_UNUSED_VARIABLE = YES;
				IPHONEOS_DEPLOYMENT_TARGET = 17.0;
				LOCALIZATION_PREFERS_STRING_CATALOGS = YES;
				MTL_ENABLE_DEBUG_INFO = INCLUDE_SOURCE;
				MTL_FAST_MATH = YES;
				ONLY_ACTIVE_ARCH = YES;
				SDKROOT = iphoneos;
				SWIFT_ACTIVE_COMPILATION_CONDITIONS = "DEBUG $(inherited)";
				SWIFT_OPTIMIZATION_LEVEL = "-Onone";
			};
			name = Debug;
		};
		6A7802782B8097E700DAA470 /* Release */ = {
			isa = XCBuildConfiguration;
			buildSettings = {
				ALWAYS_SEARCH_USER_PATHS = NO;
				ASSETCATALOG_COMPILER_GENERATE_SWIFT_ASSET_SYMBOL_EXTENSIONS = YES;
				CLANG_ANALYZER_NONNULL = YES;
				CLANG_ANALYZER_NUMBER_OBJECT_CONVERSION = YES_AGGRESSIVE;
				CLANG_CXX_LANGUAGE_STANDARD = "gnu++20";
				CLANG_ENABLE_MODULES = YES;
				CLANG_ENABLE_OBJC_ARC = YES;
				CLANG_ENABLE_OBJC_WEAK = YES;
				CLANG_WARN_BLOCK_CAPTURE_AUTORELEASING = YES;
				CLANG_WARN_BOOL_CONVERSION = YES;
				CLANG_WARN_COMMA = YES;
				CLANG_WARN_CONSTANT_CONVERSION = YES;
				CLANG_WARN_DEPRECATED_OBJC_IMPLEMENTATIONS = YES;
				CLANG_WARN_DIRECT_OBJC_ISA_USAGE = YES_ERROR;
				CLANG_WARN_DOCUMENTATION_COMMENTS = YES;
				CLANG_WARN_EMPTY_BODY = YES;
				CLANG_WARN_ENUM_CONVERSION = YES;
				CLANG_WARN_INFINITE_RECURSION = YES;
				CLANG_WARN_INT_CONVERSION = YES;
				CLANG_WARN_NON_LITERAL_NULL_CONVERSION = YES;
				CLANG_WARN_OBJC_IMPLICIT_RETAIN_SELF = YES;
				CLANG_WARN_OBJC_LITERAL_CONVERSION = YES;
				CLANG_WARN_OBJC_ROOT_CLASS = YES_ERROR;
				CLANG_WARN_QUOTED_INCLUDE_IN_FRAMEWORK_HEADER = YES;
				CLANG_WARN_RANGE_LOOP_ANALYSIS = YES;
				CLANG_WARN_STRICT_PROTOTYPES = YES;
				CLANG_WARN_SUSPICIOUS_MOVE = YES;
				CLANG_WARN_UNGUARDED_AVAILABILITY = YES_AGGRESSIVE;
				CLANG_WARN_UNREACHABLE_CODE = YES;
				CLANG_WARN__DUPLICATE_METHOD_MATCH = YES;
				COPY_PHASE_STRIP = NO;
				DEBUG_INFORMATION_FORMAT = "dwarf-with-dsym";
				ENABLE_NS_ASSERTIONS = NO;
				ENABLE_STRICT_OBJC_MSGSEND = YES;
				ENABLE_USER_SCRIPT_SANDBOXING = YES;
				GCC_C_LANGUAGE_STANDARD = gnu17;
				GCC_NO_COMMON_BLOCKS = YES;
				GCC_WARN_64_TO_32_BIT_CONVERSION = YES;
				GCC_WARN_ABOUT_RETURN_TYPE = YES_ERROR;
				GCC_WARN_UNDECLARED_SELECTOR = YES;
				GCC_WARN_UNINITIALIZED_AUTOS = YES_AGGRESSIVE;
				GCC_WARN_UNUSED_FUNCTION = YES;
				GCC_WARN_UNUSED_VARIABLE = YES;
				IPHONEOS_DEPLOYMENT_TARGET = 17.0;
				LOCALIZATION_PREFERS_STRING_CATALOGS = YES;
				MTL_ENABLE_DEBUG_INFO = NO;
				MTL_FAST_MATH = YES;
				SDKROOT = iphoneos;
				SWIFT_COMPILATION_MODE = wholemodule;
				VALIDATE_PRODUCT = YES;
			};
			name = Release;
		};
		6A78027A2B8097E700DAA470 /* Debug */ = {
			isa = XCBuildConfiguration;
			buildSettings = {
				ASSETCATALOG_COMPILER_APPICON_NAME = AppIcon;
				ASSETCATALOG_COMPILER_GLOBAL_ACCENT_COLOR_NAME = AccentColor;
				CODE_SIGN_STYLE = Automatic;
				CURRENT_PROJECT_VERSION = 1;
				DEVELOPMENT_ASSET_PATHS = "\"DailyQuest/Preview Content\"";
				DEVELOPMENT_TEAM = BC3Q8YML75;
				ENABLE_PREVIEWS = YES;
				GENERATE_INFOPLIST_FILE = YES;
				INFOPLIST_KEY_UIApplicationSceneManifest_Generation = YES;
				INFOPLIST_KEY_UIApplicationSupportsIndirectInputEvents = YES;
				INFOPLIST_KEY_UILaunchScreen_Generation = YES;
				INFOPLIST_KEY_UISupportedInterfaceOrientations_iPad = "UIInterfaceOrientationPortrait UIInterfaceOrientationPortraitUpsideDown UIInterfaceOrientationLandscapeLeft UIInterfaceOrientationLandscapeRight";
				INFOPLIST_KEY_UISupportedInterfaceOrientations_iPhone = "UIInterfaceOrientationPortrait UIInterfaceOrientationLandscapeLeft UIInterfaceOrientationLandscapeRight";
				LD_RUNPATH_SEARCH_PATHS = (
					"$(inherited)",
					"@executable_path/Frameworks",
				);
				MARKETING_VERSION = 1.0;
				PRODUCT_BUNDLE_IDENTIFIER = co.kndev.DailyQuest;
				PRODUCT_NAME = "$(TARGET_NAME)";
				SWIFT_EMIT_LOC_STRINGS = YES;
				SWIFT_VERSION = 5.0;
				TARGETED_DEVICE_FAMILY = "1,2";
			};
			name = Debug;
		};
		6A78027B2B8097E700DAA470 /* Release */ = {
			isa = XCBuildConfiguration;
			buildSettings = {
				ASSETCATALOG_COMPILER_APPICON_NAME = AppIcon;
				ASSETCATALOG_COMPILER_GLOBAL_ACCENT_COLOR_NAME = AccentColor;
				CODE_SIGN_STYLE = Automatic;
				CURRENT_PROJECT_VERSION = 1;
				DEVELOPMENT_ASSET_PATHS = "\"DailyQuest/Preview Content\"";
				DEVELOPMENT_TEAM = BC3Q8YML75;
				ENABLE_PREVIEWS = YES;
				GENERATE_INFOPLIST_FILE = YES;
				INFOPLIST_KEY_UIApplicationSceneManifest_Generation = YES;
				INFOPLIST_KEY_UIApplicationSupportsIndirectInputEvents = YES;
				INFOPLIST_KEY_UILaunchScreen_Generation = YES;
				INFOPLIST_KEY_UISupportedInterfaceOrientations_iPad = "UIInterfaceOrientationPortrait UIInterfaceOrientationPortraitUpsideDown UIInterfaceOrientationLandscapeLeft UIInterfaceOrientationLandscapeRight";
				INFOPLIST_KEY_UISupportedInterfaceOrientations_iPhone = "UIInterfaceOrientationPortrait UIInterfaceOrientationLandscapeLeft UIInterfaceOrientationLandscapeRight";
				LD_RUNPATH_SEARCH_PATHS = (
					"$(inherited)",
					"@executable_path/Frameworks",
				);
				MARKETING_VERSION = 1.0;
				PRODUCT_BUNDLE_IDENTIFIER = co.kndev.DailyQuest;
				PRODUCT_NAME = "$(TARGET_NAME)";
				SWIFT_EMIT_LOC_STRINGS = YES;
				SWIFT_VERSION = 5.0;
				TARGETED_DEVICE_FAMILY = "1,2";
			};
			name = Release;
		};
		6A78027D2B8097E700DAA470 /* Debug */ = {
			isa = XCBuildConfiguration;
			buildSettings = {
				ALWAYS_EMBED_SWIFT_STANDARD_LIBRARIES = YES;
				BUNDLE_LOADER = "$(TEST_HOST)";
				CODE_SIGN_STYLE = Automatic;
				CURRENT_PROJECT_VERSION = 1;
				DEVELOPMENT_TEAM = BC3Q8YML75;
				GENERATE_INFOPLIST_FILE = YES;
				IPHONEOS_DEPLOYMENT_TARGET = 17.0;
				MARKETING_VERSION = 1.0;
				PRODUCT_BUNDLE_IDENTIFIER = co.kndev.DailyQuestTests;
				PRODUCT_NAME = "$(TARGET_NAME)";
				SWIFT_EMIT_LOC_STRINGS = NO;
				SWIFT_VERSION = 5.0;
				TARGETED_DEVICE_FAMILY = "1,2";
				TEST_HOST = "$(BUILT_PRODUCTS_DIR)/DailyQuest.app/$(BUNDLE_EXECUTABLE_FOLDER_PATH)/DailyQuest";
			};
			name = Debug;
		};
		6A78027E2B8097E700DAA470 /* Release */ = {
			isa = XCBuildConfiguration;
			buildSettings = {
				ALWAYS_EMBED_SWIFT_STANDARD_LIBRARIES = YES;
				BUNDLE_LOADER = "$(TEST_HOST)";
				CODE_SIGN_STYLE = Automatic;
				CURRENT_PROJECT_VERSION = 1;
				DEVELOPMENT_TEAM = BC3Q8YML75;
				GENERATE_INFOPLIST_FILE = YES;
				IPHONEOS_DEPLOYMENT_TARGET = 17.0;
				MARKETING_VERSION = 1.0;
				PRODUCT_BUNDLE_IDENTIFIER = co.kndev.DailyQuestTests;
				PRODUCT_NAME = "$(TARGET_NAME)";
				SWIFT_EMIT_LOC_STRINGS = NO;
				SWIFT_VERSION = 5.0;
				TARGETED_DEVICE_FAMILY = "1,2";
				TEST_HOST = "$(BUILT_PRODUCTS_DIR)/DailyQuest.app/$(BUNDLE_EXECUTABLE_FOLDER_PATH)/DailyQuest";
			};
			name = Release;
		};
/* End XCBuildConfiguration section */

/* Begin XCConfigurationList section */
		6A7802502B8097E400DAA470 /* Build configuration list for PBXProject "DailyQuest" */ = {
			isa = XCConfigurationList;
			buildConfigurations = (
				6A7802772B8097E700DAA470 /* Debug */,
				6A7802782B8097E700DAA470 /* Release */,
			);
			defaultConfigurationIsVisible = 0;
			defaultConfigurationName = Release;
		};
		6A7802792B8097E700DAA470 /* Build configuration list for PBXNativeTarget "DailyQuest" */ = {
			isa = XCConfigurationList;
			buildConfigurations = (
				6A78027A2B8097E700DAA470 /* Debug */,
				6A78027B2B8097E700DAA470 /* Release */,
			);
			defaultConfigurationIsVisible = 0;
			defaultConfigurationName = Release;
		};
		6A78027C2B8097E700DAA470 /* Build configuration list for PBXNativeTarget "DailyQuestTests" */ = {
			isa = XCConfigurationList;
			buildConfigurations = (
				6A78027D2B8097E700DAA470 /* Debug */,
				6A78027E2B8097E700DAA470 /* Release */,
			);
			defaultConfigurationIsVisible = 0;
			defaultConfigurationName = Release;
		};
/* End XCConfigurationList section */
	};
	rootObject = 6A78024D2B8097E400DAA470 /* Project object */;
}
